// !$*UTF8*$!
{
	archiveVersion = 1;
	classes = {
	};
	objectVersion = 46;
	objects = {

/* Begin PBXAggregateTarget section */
		64B82EDCD43786E5F2F07AAE /* Qt Preprocess */ = {
			isa = PBXAggregateTarget;
			buildConfigurationList = 6CC3B5D2136C7CD6A5CF5A59 /* Build configuration list for PBXNativeTarget "Goby" */;
			buildPhases = (
				5E618435888B9D49F8540165 /* Qt Qmake */,
				7EF0942E79C014DCEC8976BC /* Qt Preprocessors */,
			);
			dependencies = (
			);
			name = "Qt Preprocess";
			productName = "Qt Preprocess";
		};
/* End PBXAggregateTarget section */

/* Begin PBXBuildFile section */
		09CDE38A61979F80CF9B1830 /* QtCore.framework in Link Binary With Libraries */ = {isa = PBXBuildFile; fileRef = FA9F1F063CC0FF64ABA45477 /* QtCore.framework */; };
		23237F1722BF855D003ACB0B /* moc_openglwindow.cpp in Compile Sources */ = {isa = PBXBuildFile; fileRef = 23237F1622BF855D003ACB0B /* moc_openglwindow.cpp */; };
		23237F1E22C4D48F003ACB0B /* rendererPlugin.cpp in Compile Sources */ = {isa = PBXBuildFile; fileRef = 23237F1C22C4D48F003ACB0B /* rendererPlugin.cpp */; };
		234EA77122EDA92500803B89 /* openglwindow.cpp in Compile Sources */ = {isa = PBXBuildFile; fileRef = 234EA76F22EDA92500803B89 /* openglwindow.cpp */; };
		234EA77322EDA9C200803B89 /* main.cpp in Compile Sources */ = {isa = PBXBuildFile; fileRef = 234EA77222EDA9C200803B89 /* main.cpp */; };
		234EA77622EDAA3D00803B89 /* usdRenderWindow.cpp in Compile Sources */ = {isa = PBXBuildFile; fileRef = 234EA77422EDAA3D00803B89 /* usdRenderWindow.cpp */; };
		234EA77822F1961F00803B89 /* pluginInfo.json in Copy Bundle Resources */ = {isa = PBXBuildFile; fileRef = 234EA77722F1961F00803B89 /* pluginInfo.json */; };
		234EA78322FACCFD00803B89 /* scene.cpp in Compile Sources */ = {isa = PBXBuildFile; fileRef = 234EA77A22FACCFC00803B89 /* scene.cpp */; };
		234EA78422FACCFD00803B89 /* item.cpp in Compile Sources */ = {isa = PBXBuildFile; fileRef = 234EA77C22FACCFC00803B89 /* item.cpp */; };
		234EA78522FACCFD00803B89 /* meshSchema.cpp in Compile Sources */ = {isa = PBXBuildFile; fileRef = 234EA77F22FACCFC00803B89 /* meshSchema.cpp */; };
		234EA78622FACCFD00803B89 /* transform.cpp in Compile Sources */ = {isa = PBXBuildFile; fileRef = 234EA78022FACCFC00803B89 /* transform.cpp */; };
		234EA78B22FAD34100803B89 /* math.cpp in Compile Sources */ = {isa = PBXBuildFile; fileRef = 234EA78922FAD34100803B89 /* math.cpp */; };
		234EA79222FE7DC100803B89 /* buffer.cpp in Compile Sources */ = {isa = PBXBuildFile; fileRef = 234EA79022FE7DC100803B89 /* buffer.cpp */; };
		2361F5B222FED82A00F4B0CB /* buffer.tpp in Copy Bundle Resources */ = {isa = PBXBuildFile; fileRef = 2361F5B122FED82A00F4B0CB /* buffer.tpp */; };
		2361F5BC22FFC93200F4B0CB /* mesh.cpp in Compile Sources */ = {isa = PBXBuildFile; fileRef = 2361F5B722FFC93200F4B0CB /* mesh.cpp */; };
		2361F5BD22FFC93200F4B0CB /* meshUtilities.cpp in Compile Sources */ = {isa = PBXBuildFile; fileRef = 2361F5BA22FFC93200F4B0CB /* meshUtilities.cpp */; };
		2361F5C022FFC95800F4B0CB /* geometry.cpp in Compile Sources */ = {isa = PBXBuildFile; fileRef = 2361F5BE22FFC95800F4B0CB /* geometry.cpp */; };
		2361F5C322FFD40800F4B0CB /* vertexArray.cpp in Compile Sources */ = {isa = PBXBuildFile; fileRef = 2361F5C122FFD40800F4B0CB /* vertexArray.cpp */; };
		2361F5C62300209700F4B0CB /* shader.cpp in Compile Sources */ = {isa = PBXBuildFile; fileRef = 2361F5C42300209700F4B0CB /* shader.cpp */; };
		2361F5D52303BAFE00F4B0CB /* shaderParameter.tpp in Copy Bundle Resources */ = {isa = PBXBuildFile; fileRef = 2361F5D22303BAFE00F4B0CB /* shaderParameter.tpp */; };
		2361F5D62303BAFE00F4B0CB /* shaderParameter.cpp in Compile Sources */ = {isa = PBXBuildFile; fileRef = 2361F5D32303BAFE00F4B0CB /* shaderParameter.cpp */; };
		2361F5D72303BAFE00F4B0CB /* material.cpp in Compile Sources */ = {isa = PBXBuildFile; fileRef = 2361F5D42303BAFE00F4B0CB /* material.cpp */; };
		2361F5D92303C08500F4B0CB /* material.tpp in Copy Bundle Resources */ = {isa = PBXBuildFile; fileRef = 2361F5D82303C08500F4B0CB /* material.tpp */; };
		2361F5E02303CFC700F4B0CB /* openGLRender.cpp in Compile Sources */ = {isa = PBXBuildFile; fileRef = 2361F5DE2303CFC700F4B0CB /* openGLRender.cpp */; };
		2361F5E92307971400F4B0CB /* actionManager.cpp in Compile Sources */ = {isa = PBXBuildFile; fileRef = 2361F5E72307971400F4B0CB /* actionManager.cpp */; };
		2361F5EC2307971F00F4B0CB /* action.cpp in Compile Sources */ = {isa = PBXBuildFile; fileRef = 2361F5EA2307971F00F4B0CB /* action.cpp */; };
		2361F5F5230936BE00F4B0CB /* cameraSchema.cpp in Compile Sources */ = {isa = PBXBuildFile; fileRef = 2361F5F3230936BE00F4B0CB /* cameraSchema.cpp */; };
		2361F5F923094FB700F4B0CB /* cameraController.cpp in Compile Sources */ = {isa = PBXBuildFile; fileRef = 2361F5F823094FB700F4B0CB /* cameraController.cpp */; };
		2361F5FC23094FC700F4B0CB /* camera.cpp in Compile Sources */ = {isa = PBXBuildFile; fileRef = 2361F5FA23094FC700F4B0CB /* camera.cpp */; };
		2361F5FF230AB61100F4B0CB /* conversion.cpp in Compile Sources */ = {isa = PBXBuildFile; fileRef = 2361F5FD230AB61100F4B0CB /* conversion.cpp */; };
		2361F606230BFD9400F4B0CB /* shortcutManager.cpp in Compile Sources */ = {isa = PBXBuildFile; fileRef = 2361F605230BFD9400F4B0CB /* shortcutManager.cpp */; };
		2361F609230BFDF300F4B0CB /* shortcutReceiver.cpp in Compile Sources */ = {isa = PBXBuildFile; fileRef = 2361F607230BFDF300F4B0CB /* shortcutReceiver.cpp */; };
		2361F60C230C016300F4B0CB /* shortcutFilter.cpp in Compile Sources */ = {isa = PBXBuildFile; fileRef = 2361F60A230C016300F4B0CB /* shortcutFilter.cpp */; };
		2361F60E230C082900F4B0CB /* shortcutFilter.hpp in Compile Sources */ = {isa = PBXBuildFile; fileRef = 2361F60B230C016300F4B0CB /* shortcutFilter.hpp */; };
		2361F611230D419D00F4B0CB /* actionContext.cpp in Compile Sources */ = {isa = PBXBuildFile; fileRef = 2361F60F230D419D00F4B0CB /* actionContext.cpp */; };
		2361F622230D4B1200F4B0CB /* cameraActions.cpp in Compile Sources */ = {isa = PBXBuildFile; fileRef = 2361F621230D4B1200F4B0CB /* cameraActions.cpp */; };
		2361F625230D4B2600F4B0CB /* cameraActionContext.cpp in Compile Sources */ = {isa = PBXBuildFile; fileRef = 2361F623230D4B2600F4B0CB /* cameraActionContext.cpp */; };
		2361F62A230D5BF800F4B0CB /* timer.cpp in Compile Sources */ = {isa = PBXBuildFile; fileRef = 2361F628230D5BF800F4B0CB /* timer.cpp */; };
		2361F62E231D2C9500F4B0CB /* flyControl.cpp in Compile Sources */ = {isa = PBXBuildFile; fileRef = 2361F62C231D2C9500F4B0CB /* flyControl.cpp */; };
		2361F631231D2CDE00F4B0CB /* cameraControl.cpp in Compile Sources */ = {isa = PBXBuildFile; fileRef = 2361F62F231D2CDE00F4B0CB /* cameraControl.cpp */; };
		23A7DF0E22CB6B7600AA0E6C /* renderDelegate.cpp in Compile Sources */ = {isa = PBXBuildFile; fileRef = 23A7DF0C22CB6B7600AA0E6C /* renderDelegate.cpp */; };
		23ABB6152343451B0047CCAB /* scene.cpp in Compile Sources */ = {isa = PBXBuildFile; fileRef = 23ABB6132343451A0047CCAB /* scene.cpp */; };
		23ABB618234346F10047CCAB /* renderItem.cpp in Compile Sources */ = {isa = PBXBuildFile; fileRef = 23ABB616234346F10047CCAB /* renderItem.cpp */; };
		23ABB61B2344A9EE0047CCAB /* renderManager.cpp in Compile Sources */ = {isa = PBXBuildFile; fileRef = 23ABB6192344A9EE0047CCAB /* renderManager.cpp */; };
		23ABB62023489FC90047CCAB /* renderer.cpp in Compile Sources */ = {isa = PBXBuildFile; fileRef = 23ABB61E23489FC90047CCAB /* renderer.cpp */; };
		23ABB6232348A0C70047CCAB /* entity.cpp in Compile Sources */ = {isa = PBXBuildFile; fileRef = 23ABB6212348A0C70047CCAB /* entity.cpp */; };
		23ABB6262348A2880047CCAB /* marlin.cpp in Compile Sources */ = {isa = PBXBuildFile; fileRef = 23ABB6242348A2880047CCAB /* marlin.cpp */; };
		23ABB62A2348A5E30047CCAB /* context.cpp in Compile Sources */ = {isa = PBXBuildFile; fileRef = 23ABB6282348A5E30047CCAB /* context.cpp */; };
		23D4A0E02348B47000AD3D75 /* updateTask.cpp in Compile Sources */ = {isa = PBXBuildFile; fileRef = 23D4A0DF2348B47000AD3D75 /* updateTask.cpp */; };
		563CF89DC182C977E17F2B26 /* QtGui.framework in Link Binary With Libraries */ = {isa = PBXBuildFile; fileRef = 897F7DBDCA6B394E806B8406 /* QtGui.framework */; };
		7E5709D3FE807F8C875AE381 /* moc_mainWindow.cpp in Compile Sources */ = {isa = PBXBuildFile; fileRef = C70E9616EF3EBD83D0000B2E /* moc_mainWindow.cpp */; settings = {ATTRIBUTES = (); }; };
		8771A8C96E9C391044035D99 /* OpenGL.framework in Link Binary With Libraries */ = {isa = PBXBuildFile; fileRef = D4B32C2222F82AC56BADEB21 /* OpenGL.framework */; };
		8D267F2E4776F0ECA2F49DC8 /* IOKit.framework in Link Binary With Libraries */ = {isa = PBXBuildFile; fileRef = A1A67BEAA744704B29168D39 /* IOKit.framework */; };
		95F90FD887394882F77E54C0 /* QtWidgets.framework in Link Binary With Libraries */ = {isa = PBXBuildFile; fileRef = 9423C617F16831C7ADE013FC /* QtWidgets.framework */; };
		A99B2AA0F9CBBDD12BA126A4 /* DiskArbitration.framework in Link Binary With Libraries */ = {isa = PBXBuildFile; fileRef = 2B774D8E4178765CE52EAAF5 /* DiskArbitration.framework */; };
		B2A6F1FFBA4E92771BB02D52 /* mainWindow.cpp in Compile Sources */ = {isa = PBXBuildFile; fileRef = 8AB4ACE0B063C484E0B9CB4A /* mainWindow.cpp */; settings = {ATTRIBUTES = (); }; };
		E45E51A644D5FC9F942ECE55 /* AGL.framework in Link Binary With Libraries */ = {isa = PBXBuildFile; fileRef = 8D9815BDB5BD9F90D2BC05C5 /* AGL.framework */; };
/* End PBXBuildFile section */

/* Begin PBXContainerItemProxy section */
		23237F1222BF827D003ACB0B /* PBXContainerItemProxy */ = {
			isa = PBXContainerItemProxy;
			containerPortal = 6DB9C3763D02B1415CD9D565 /* Project object */;
			proxyType = 1;
			remoteGlobalIDString = 64B82EDCD43786E5F2F07AAE;
			remoteInfo = "Qt Preprocess";
		};
/* End PBXContainerItemProxy section */

/* Begin PBXCopyFilesBuildPhase section */
		99542592E9780B9225F24AA8 /* Embed Frameworks */ = {
			isa = PBXCopyFilesBuildPhase;
			buildActionMask = 2147483647;
			dstPath = "";
			dstSubfolderSpec = 10;
			files = (
			);
			name = "Embed Frameworks";
			runOnlyForDeploymentPostprocessing = 0;
		};
/* End PBXCopyFilesBuildPhase section */

/* Begin PBXFileReference section */
		23237F1622BF855D003ACB0B /* moc_openglwindow.cpp */ = {isa = PBXFileReference; lastKnownFileType = sourcecode.cpp.cpp; path = moc_openglwindow.cpp; sourceTree = "<group>"; };
		23237F1C22C4D48F003ACB0B /* rendererPlugin.cpp */ = {isa = PBXFileReference; lastKnownFileType = sourcecode.cpp.cpp; path = rendererPlugin.cpp; sourceTree = "<group>"; };
		23237F1D22C4D48F003ACB0B /* rendererPlugin.hpp */ = {isa = PBXFileReference; lastKnownFileType = sourcecode.cpp.h; path = rendererPlugin.hpp; sourceTree = "<group>"; };
		234EA76F22EDA92500803B89 /* openglwindow.cpp */ = {isa = PBXFileReference; fileEncoding = 4; lastKnownFileType = sourcecode.cpp.cpp; name = openglwindow.cpp; path = src/ui/openglwindow.cpp; sourceTree = "<group>"; };
		234EA77022EDA92500803B89 /* openglwindow.hpp */ = {isa = PBXFileReference; fileEncoding = 4; lastKnownFileType = sourcecode.cpp.h; name = openglwindow.hpp; path = src/ui/openglwindow.hpp; sourceTree = "<group>"; };
		234EA77222EDA9C200803B89 /* main.cpp */ = {isa = PBXFileReference; fileEncoding = 4; lastKnownFileType = sourcecode.cpp.cpp; name = main.cpp; path = src/main.cpp; sourceTree = "<group>"; };
		234EA77422EDAA3D00803B89 /* usdRenderWindow.cpp */ = {isa = PBXFileReference; lastKnownFileType = sourcecode.cpp.cpp; name = usdRenderWindow.cpp; path = src/ui/usdRenderWindow.cpp; sourceTree = "<group>"; };
		234EA77522EDAA3D00803B89 /* usdRenderWindow.hpp */ = {isa = PBXFileReference; lastKnownFileType = sourcecode.cpp.h; name = usdRenderWindow.hpp; path = src/ui/usdRenderWindow.hpp; sourceTree = "<group>"; };
		234EA77722F1961F00803B89 /* pluginInfo.json */ = {isa = PBXFileReference; lastKnownFileType = text.json; path = pluginInfo.json; sourceTree = "<group>"; };
		234EA77A22FACCFC00803B89 /* scene.cpp */ = {isa = PBXFileReference; fileEncoding = 4; lastKnownFileType = sourcecode.cpp.cpp; path = scene.cpp; sourceTree = "<group>"; };
		234EA77B22FACCFC00803B89 /* transform.hpp */ = {isa = PBXFileReference; fileEncoding = 4; lastKnownFileType = sourcecode.cpp.h; path = transform.hpp; sourceTree = "<group>"; };
		234EA77C22FACCFC00803B89 /* item.cpp */ = {isa = PBXFileReference; fileEncoding = 4; lastKnownFileType = sourcecode.cpp.cpp; path = item.cpp; sourceTree = "<group>"; };
		234EA77E22FACCFC00803B89 /* meshSchema.hpp */ = {isa = PBXFileReference; fileEncoding = 4; lastKnownFileType = sourcecode.cpp.h; path = meshSchema.hpp; sourceTree = "<group>"; };
		234EA77F22FACCFC00803B89 /* meshSchema.cpp */ = {isa = PBXFileReference; fileEncoding = 4; lastKnownFileType = sourcecode.cpp.cpp; path = meshSchema.cpp; sourceTree = "<group>"; };
		234EA78022FACCFC00803B89 /* transform.cpp */ = {isa = PBXFileReference; fileEncoding = 4; lastKnownFileType = sourcecode.cpp.cpp; path = transform.cpp; sourceTree = "<group>"; };
		234EA78122FACCFC00803B89 /* item.hpp */ = {isa = PBXFileReference; fileEncoding = 4; lastKnownFileType = sourcecode.cpp.h; path = item.hpp; sourceTree = "<group>"; };
		234EA78222FACCFC00803B89 /* scene.hpp */ = {isa = PBXFileReference; fileEncoding = 4; lastKnownFileType = sourcecode.cpp.h; path = scene.hpp; sourceTree = "<group>"; };
		234EA78822FAD23000803B89 /* defs.hh */ = {isa = PBXFileReference; lastKnownFileType = sourcecode.cpp.h; path = defs.hh; sourceTree = "<group>"; };
		234EA78922FAD34100803B89 /* math.cpp */ = {isa = PBXFileReference; lastKnownFileType = sourcecode.cpp.cpp; path = math.cpp; sourceTree = "<group>"; };
		234EA78A22FAD34100803B89 /* math.hpp */ = {isa = PBXFileReference; lastKnownFileType = sourcecode.cpp.h; path = math.hpp; sourceTree = "<group>"; };
		234EA79022FE7DC100803B89 /* buffer.cpp */ = {isa = PBXFileReference; lastKnownFileType = sourcecode.cpp.cpp; path = buffer.cpp; sourceTree = "<group>"; };
		234EA79122FE7DC100803B89 /* buffer.hpp */ = {isa = PBXFileReference; lastKnownFileType = sourcecode.cpp.h; path = buffer.hpp; sourceTree = "<group>"; };
		2361F5B122FED82A00F4B0CB /* buffer.tpp */ = {isa = PBXFileReference; lastKnownFileType = text; path = buffer.tpp; sourceTree = "<group>"; };
		2361F5B722FFC93200F4B0CB /* mesh.cpp */ = {isa = PBXFileReference; fileEncoding = 4; lastKnownFileType = sourcecode.cpp.cpp; path = mesh.cpp; sourceTree = "<group>"; };
		2361F5B822FFC93200F4B0CB /* meshUtilities.hpp */ = {isa = PBXFileReference; fileEncoding = 4; lastKnownFileType = sourcecode.cpp.h; path = meshUtilities.hpp; sourceTree = "<group>"; };
		2361F5B922FFC93200F4B0CB /* mesh.hpp */ = {isa = PBXFileReference; fileEncoding = 4; lastKnownFileType = sourcecode.cpp.h; path = mesh.hpp; sourceTree = "<group>"; };
		2361F5BA22FFC93200F4B0CB /* meshUtilities.cpp */ = {isa = PBXFileReference; fileEncoding = 4; lastKnownFileType = sourcecode.cpp.cpp; path = meshUtilities.cpp; sourceTree = "<group>"; };
		2361F5BE22FFC95800F4B0CB /* geometry.cpp */ = {isa = PBXFileReference; lastKnownFileType = sourcecode.cpp.cpp; path = geometry.cpp; sourceTree = "<group>"; };
		2361F5BF22FFC95800F4B0CB /* geometry.hpp */ = {isa = PBXFileReference; lastKnownFileType = sourcecode.cpp.h; path = geometry.hpp; sourceTree = "<group>"; };
		2361F5C122FFD40800F4B0CB /* vertexArray.cpp */ = {isa = PBXFileReference; lastKnownFileType = sourcecode.cpp.cpp; path = vertexArray.cpp; sourceTree = "<group>"; };
		2361F5C222FFD40800F4B0CB /* vertexArray.hpp */ = {isa = PBXFileReference; lastKnownFileType = sourcecode.cpp.h; path = vertexArray.hpp; sourceTree = "<group>"; };
		2361F5C42300209700F4B0CB /* shader.cpp */ = {isa = PBXFileReference; lastKnownFileType = sourcecode.cpp.cpp; path = shader.cpp; sourceTree = "<group>"; };
		2361F5C52300209700F4B0CB /* shader.hpp */ = {isa = PBXFileReference; lastKnownFileType = sourcecode.cpp.h; path = shader.hpp; sourceTree = "<group>"; };
		2361F5D02303BAFE00F4B0CB /* shaderParameter.hpp */ = {isa = PBXFileReference; fileEncoding = 4; lastKnownFileType = sourcecode.cpp.h; path = shaderParameter.hpp; sourceTree = "<group>"; };
		2361F5D12303BAFE00F4B0CB /* material.hpp */ = {isa = PBXFileReference; fileEncoding = 4; lastKnownFileType = sourcecode.cpp.h; path = material.hpp; sourceTree = "<group>"; };
		2361F5D22303BAFE00F4B0CB /* shaderParameter.tpp */ = {isa = PBXFileReference; fileEncoding = 4; lastKnownFileType = text; path = shaderParameter.tpp; sourceTree = "<group>"; };
		2361F5D32303BAFE00F4B0CB /* shaderParameter.cpp */ = {isa = PBXFileReference; fileEncoding = 4; lastKnownFileType = sourcecode.cpp.cpp; path = shaderParameter.cpp; sourceTree = "<group>"; };
		2361F5D42303BAFE00F4B0CB /* material.cpp */ = {isa = PBXFileReference; fileEncoding = 4; lastKnownFileType = sourcecode.cpp.cpp; path = material.cpp; sourceTree = "<group>"; };
		2361F5D82303C08500F4B0CB /* material.tpp */ = {isa = PBXFileReference; lastKnownFileType = text; path = material.tpp; sourceTree = "<group>"; };
		2361F5DE2303CFC700F4B0CB /* openGLRender.cpp */ = {isa = PBXFileReference; fileEncoding = 4; lastKnownFileType = sourcecode.cpp.cpp; path = openGLRender.cpp; sourceTree = "<group>"; };
		2361F5DF2303CFC700F4B0CB /* openGLRender.hpp */ = {isa = PBXFileReference; fileEncoding = 4; lastKnownFileType = sourcecode.cpp.h; path = openGLRender.hpp; sourceTree = "<group>"; };
		2361F5E72307971400F4B0CB /* actionManager.cpp */ = {isa = PBXFileReference; lastKnownFileType = sourcecode.cpp.cpp; path = actionManager.cpp; sourceTree = "<group>"; };
		2361F5E82307971400F4B0CB /* actionManager.hpp */ = {isa = PBXFileReference; lastKnownFileType = sourcecode.cpp.h; path = actionManager.hpp; sourceTree = "<group>"; };
		2361F5EA2307971F00F4B0CB /* action.cpp */ = {isa = PBXFileReference; lastKnownFileType = sourcecode.cpp.cpp; path = action.cpp; sourceTree = "<group>"; };
		2361F5EB2307971F00F4B0CB /* action.hpp */ = {isa = PBXFileReference; lastKnownFileType = sourcecode.cpp.h; path = action.hpp; sourceTree = "<group>"; };
		2361F5F3230936BE00F4B0CB /* cameraSchema.cpp */ = {isa = PBXFileReference; lastKnownFileType = sourcecode.cpp.cpp; path = cameraSchema.cpp; sourceTree = "<group>"; };
		2361F5F4230936BE00F4B0CB /* cameraSchema.hpp */ = {isa = PBXFileReference; lastKnownFileType = sourcecode.cpp.h; path = cameraSchema.hpp; sourceTree = "<group>"; };
		2361F5F723094FB700F4B0CB /* cameraController.hpp */ = {isa = PBXFileReference; fileEncoding = 4; lastKnownFileType = sourcecode.cpp.h; path = cameraController.hpp; sourceTree = "<group>"; };
		2361F5F823094FB700F4B0CB /* cameraController.cpp */ = {isa = PBXFileReference; fileEncoding = 4; lastKnownFileType = sourcecode.cpp.cpp; path = cameraController.cpp; sourceTree = "<group>"; };
		2361F5FA23094FC700F4B0CB /* camera.cpp */ = {isa = PBXFileReference; lastKnownFileType = sourcecode.cpp.cpp; path = camera.cpp; sourceTree = "<group>"; };
		2361F5FB23094FC700F4B0CB /* camera.hpp */ = {isa = PBXFileReference; lastKnownFileType = sourcecode.cpp.h; path = camera.hpp; sourceTree = "<group>"; };
		2361F5FD230AB61100F4B0CB /* conversion.cpp */ = {isa = PBXFileReference; lastKnownFileType = sourcecode.cpp.cpp; path = conversion.cpp; sourceTree = "<group>"; };
		2361F5FE230AB61100F4B0CB /* conversion.hpp */ = {isa = PBXFileReference; lastKnownFileType = sourcecode.cpp.h; path = conversion.hpp; sourceTree = "<group>"; };
		2361F604230BFD9400F4B0CB /* shortcutManager.hpp */ = {isa = PBXFileReference; fileEncoding = 4; lastKnownFileType = sourcecode.cpp.h; path = shortcutManager.hpp; sourceTree = "<group>"; };
		2361F605230BFD9400F4B0CB /* shortcutManager.cpp */ = {isa = PBXFileReference; fileEncoding = 4; lastKnownFileType = sourcecode.cpp.cpp; path = shortcutManager.cpp; sourceTree = "<group>"; };
		2361F607230BFDF300F4B0CB /* shortcutReceiver.cpp */ = {isa = PBXFileReference; lastKnownFileType = sourcecode.cpp.cpp; path = shortcutReceiver.cpp; sourceTree = "<group>"; };
		2361F608230BFDF300F4B0CB /* shortcutReceiver.hpp */ = {isa = PBXFileReference; lastKnownFileType = sourcecode.cpp.h; path = shortcutReceiver.hpp; sourceTree = "<group>"; };
		2361F60A230C016300F4B0CB /* shortcutFilter.cpp */ = {isa = PBXFileReference; lastKnownFileType = sourcecode.cpp.cpp; path = shortcutFilter.cpp; sourceTree = "<group>"; };
		2361F60B230C016300F4B0CB /* shortcutFilter.hpp */ = {isa = PBXFileReference; lastKnownFileType = sourcecode.cpp.h; path = shortcutFilter.hpp; sourceTree = "<group>"; };
		2361F60F230D419D00F4B0CB /* actionContext.cpp */ = {isa = PBXFileReference; lastKnownFileType = sourcecode.cpp.cpp; path = actionContext.cpp; sourceTree = "<group>"; };
		2361F610230D419D00F4B0CB /* actionContext.hpp */ = {isa = PBXFileReference; lastKnownFileType = sourcecode.cpp.h; path = actionContext.hpp; sourceTree = "<group>"; };
		2361F620230D4B1200F4B0CB /* cameraActions.hpp */ = {isa = PBXFileReference; fileEncoding = 4; lastKnownFileType = sourcecode.cpp.h; path = cameraActions.hpp; sourceTree = "<group>"; };
		2361F621230D4B1200F4B0CB /* cameraActions.cpp */ = {isa = PBXFileReference; fileEncoding = 4; lastKnownFileType = sourcecode.cpp.cpp; path = cameraActions.cpp; sourceTree = "<group>"; };
		2361F623230D4B2600F4B0CB /* cameraActionContext.cpp */ = {isa = PBXFileReference; lastKnownFileType = sourcecode.cpp.cpp; path = cameraActionContext.cpp; sourceTree = "<group>"; };
		2361F624230D4B2600F4B0CB /* cameraActionContext.hpp */ = {isa = PBXFileReference; lastKnownFileType = sourcecode.cpp.h; path = cameraActionContext.hpp; sourceTree = "<group>"; };
		2361F628230D5BF800F4B0CB /* timer.cpp */ = {isa = PBXFileReference; lastKnownFileType = sourcecode.cpp.cpp; path = timer.cpp; sourceTree = "<group>"; };
		2361F629230D5BF800F4B0CB /* timer.hpp */ = {isa = PBXFileReference; lastKnownFileType = sourcecode.cpp.h; path = timer.hpp; sourceTree = "<group>"; };
		2361F62C231D2C9500F4B0CB /* flyControl.cpp */ = {isa = PBXFileReference; lastKnownFileType = sourcecode.cpp.cpp; path = flyControl.cpp; sourceTree = "<group>"; };
		2361F62D231D2C9500F4B0CB /* flyControl.hpp */ = {isa = PBXFileReference; lastKnownFileType = sourcecode.cpp.h; path = flyControl.hpp; sourceTree = "<group>"; };
		2361F62F231D2CDE00F4B0CB /* cameraControl.cpp */ = {isa = PBXFileReference; lastKnownFileType = sourcecode.cpp.cpp; path = cameraControl.cpp; sourceTree = "<group>"; };
		2361F630231D2CDE00F4B0CB /* cameraControl.hpp */ = {isa = PBXFileReference; lastKnownFileType = sourcecode.cpp.h; path = cameraControl.hpp; sourceTree = "<group>"; };
		23A7DF0C22CB6B7600AA0E6C /* renderDelegate.cpp */ = {isa = PBXFileReference; lastKnownFileType = sourcecode.cpp.cpp; path = renderDelegate.cpp; sourceTree = "<group>"; };
		23A7DF0D22CB6B7600AA0E6C /* renderDelegate.hpp */ = {isa = PBXFileReference; lastKnownFileType = sourcecode.cpp.h; path = renderDelegate.hpp; sourceTree = "<group>"; };
		23ABB6132343451A0047CCAB /* scene.cpp */ = {isa = PBXFileReference; lastKnownFileType = sourcecode.cpp.cpp; path = scene.cpp; sourceTree = "<group>"; };
		23ABB6142343451A0047CCAB /* scene.hpp */ = {isa = PBXFileReference; lastKnownFileType = sourcecode.cpp.h; path = scene.hpp; sourceTree = "<group>"; };
		23ABB616234346F10047CCAB /* renderItem.cpp */ = {isa = PBXFileReference; lastKnownFileType = sourcecode.cpp.cpp; path = renderItem.cpp; sourceTree = "<group>"; };
		23ABB617234346F10047CCAB /* renderItem.hpp */ = {isa = PBXFileReference; lastKnownFileType = sourcecode.cpp.h; path = renderItem.hpp; sourceTree = "<group>"; };
		23ABB6192344A9EE0047CCAB /* renderManager.cpp */ = {isa = PBXFileReference; lastKnownFileType = sourcecode.cpp.cpp; path = renderManager.cpp; sourceTree = "<group>"; };
		23ABB61A2344A9EE0047CCAB /* renderManager.hpp */ = {isa = PBXFileReference; lastKnownFileType = sourcecode.cpp.h; path = renderManager.hpp; sourceTree = "<group>"; };
		23ABB61E23489FC90047CCAB /* renderer.cpp */ = {isa = PBXFileReference; lastKnownFileType = sourcecode.cpp.cpp; path = renderer.cpp; sourceTree = "<group>"; };
		23ABB61F23489FC90047CCAB /* renderer.hpp */ = {isa = PBXFileReference; lastKnownFileType = sourcecode.cpp.h; path = renderer.hpp; sourceTree = "<group>"; };
		23ABB6212348A0C70047CCAB /* entity.cpp */ = {isa = PBXFileReference; lastKnownFileType = sourcecode.cpp.cpp; path = entity.cpp; sourceTree = "<group>"; };
		23ABB6222348A0C70047CCAB /* entity.hpp */ = {isa = PBXFileReference; lastKnownFileType = sourcecode.cpp.h; path = entity.hpp; sourceTree = "<group>"; };
		23ABB6242348A2880047CCAB /* marlin.cpp */ = {isa = PBXFileReference; lastKnownFileType = sourcecode.cpp.cpp; path = marlin.cpp; sourceTree = "<group>"; };
		23ABB6252348A2880047CCAB /* marlin.hpp */ = {isa = PBXFileReference; lastKnownFileType = sourcecode.cpp.h; path = marlin.hpp; sourceTree = "<group>"; };
		23ABB6282348A5E30047CCAB /* context.cpp */ = {isa = PBXFileReference; lastKnownFileType = sourcecode.cpp.cpp; path = context.cpp; sourceTree = "<group>"; };
		23ABB6292348A5E30047CCAB /* context.hpp */ = {isa = PBXFileReference; lastKnownFileType = sourcecode.cpp.h; path = context.hpp; sourceTree = "<group>"; };
		23D4A0DE2348B47000AD3D75 /* updateTask.hpp */ = {isa = PBXFileReference; fileEncoding = 4; lastKnownFileType = sourcecode.cpp.h; path = updateTask.hpp; sourceTree = "<group>"; };
		23D4A0DF2348B47000AD3D75 /* updateTask.cpp */ = {isa = PBXFileReference; fileEncoding = 4; lastKnownFileType = sourcecode.cpp.cpp; path = updateTask.cpp; sourceTree = "<group>"; };
		2B774D8E4178765CE52EAAF5 /* DiskArbitration.framework */ = {isa = PBXFileReference; lastKnownFileType = wrapper.framework; name = DiskArbitration.framework; path = /System/Library/Frameworks/DiskArbitration.framework; sourceTree = "<absolute>"; };
		3244324228FB6239A33DB996 /* ui_mainWindow.h */ = {isa = PBXFileReference; lastKnownFileType = sourcecode.c.h; name = ui_mainWindow.h; path = /Users/jongraham/Projects/Goby/ui_mainWindow.h; sourceTree = "<absolute>"; };
		4F5AC65C949567C2B2372090 /* mainWindow.hpp */ = {isa = PBXFileReference; lastKnownFileType = sourcecode.c.h; name = mainWindow.hpp; path = /Users/jongraham/Projects/Goby/src/ui/mainWindow.hpp; sourceTree = "<absolute>"; };
		5AAF184A72954F8A6922A095 /* mainWindow.ui */ = {isa = PBXFileReference; lastKnownFileType = text; name = mainWindow.ui; path = /Users/jongraham/Projects/Goby/src/ui/mainWindow.ui; sourceTree = "<absolute>"; };
		897F7DBDCA6B394E806B8406 /* QtGui.framework */ = {isa = PBXFileReference; lastKnownFileType = wrapper.framework; name = QtGui.framework; path = /Users/jongraham/Qt/5.12.1/clang_64/lib/QtGui.framework; sourceTree = "<absolute>"; };
		8AB4ACE0B063C484E0B9CB4A /* mainWindow.cpp */ = {isa = PBXFileReference; lastKnownFileType = sourcecode.cpp.cpp; name = mainWindow.cpp; path = /Users/jongraham/Projects/Goby/src/ui/mainWindow.cpp; sourceTree = "<absolute>"; };
		8D9815BDB5BD9F90D2BC05C5 /* AGL.framework */ = {isa = PBXFileReference; lastKnownFileType = wrapper.framework; name = AGL.framework; path = /System/Library/Frameworks/AGL.framework; sourceTree = "<absolute>"; };
		9423C617F16831C7ADE013FC /* QtWidgets.framework */ = {isa = PBXFileReference; lastKnownFileType = wrapper.framework; name = QtWidgets.framework; path = /Users/jongraham/Qt/5.12.1/clang_64/lib/QtWidgets.framework; sourceTree = "<absolute>"; };
		A1A67BEAA744704B29168D39 /* IOKit.framework */ = {isa = PBXFileReference; lastKnownFileType = wrapper.framework; name = IOKit.framework; path = /System/Library/Frameworks/IOKit.framework; sourceTree = "<absolute>"; };
		B9CD14F8C3B7531AB9AA3099 /* Goby.app */ = {isa = PBXFileReference; explicitFileType = wrapper.application; includeInIndex = 0; path = Goby.app; sourceTree = BUILT_PRODUCTS_DIR; };
		C70E9616EF3EBD83D0000B2E /* moc_mainWindow.cpp */ = {isa = PBXFileReference; lastKnownFileType = sourcecode.cpp.cpp; name = moc_mainWindow.cpp; path = /Users/jongraham/Projects/Goby/moc_mainWindow.cpp; sourceTree = "<absolute>"; };
		D4B32C2222F82AC56BADEB21 /* OpenGL.framework */ = {isa = PBXFileReference; lastKnownFileType = wrapper.framework; name = OpenGL.framework; path = /System/Library/Frameworks/OpenGL.framework; sourceTree = "<absolute>"; };
		E679E9C7E1E2018521C6FD1B /* Goby.pro */ = {isa = PBXFileReference; lastKnownFileType = text; name = Goby.pro; path = /Users/jongraham/Projects/Goby/Goby.pro; sourceTree = "<absolute>"; };
		FA9F1F063CC0FF64ABA45477 /* QtCore.framework */ = {isa = PBXFileReference; lastKnownFileType = wrapper.framework; name = QtCore.framework; path = /Users/jongraham/Qt/5.12.1/clang_64/lib/QtCore.framework; sourceTree = "<absolute>"; };
/* End PBXFileReference section */

/* Begin PBXFrameworksBuildPhase section */
		D1C883685E82D5676953459A /* Link Binary With Libraries */ = {
			isa = PBXFrameworksBuildPhase;
			buildActionMask = 2147483647;
			files = (
				95F90FD887394882F77E54C0 /* QtWidgets.framework in Link Binary With Libraries */,
				563CF89DC182C977E17F2B26 /* QtGui.framework in Link Binary With Libraries */,
				09CDE38A61979F80CF9B1830 /* QtCore.framework in Link Binary With Libraries */,
				A99B2AA0F9CBBDD12BA126A4 /* DiskArbitration.framework in Link Binary With Libraries */,
				8D267F2E4776F0ECA2F49DC8 /* IOKit.framework in Link Binary With Libraries */,
				8771A8C96E9C391044035D99 /* OpenGL.framework in Link Binary With Libraries */,
				E45E51A644D5FC9F942ECE55 /* AGL.framework in Link Binary With Libraries */,
			);
			name = "Link Binary With Libraries";
			runOnlyForDeploymentPostprocessing = 0;
		};
/* End PBXFrameworksBuildPhase section */

/* Begin PBXGroup section */
		12E908B8A1C3C07C115504F5 /* Sources [uic] */ = {
			isa = PBXGroup;
			children = (
				FB3C908FA6A710AAAE4CE3AA /* src */,
			);
			name = "Sources [uic]";
			sourceTree = "<group>";
		};
		23237F1822C4D40B003ACB0B /* rendering */ = {
			isa = PBXGroup;
			children = (
				23237F1922C4D40B003ACB0B /* marlin */,
				23237F1B22C4D40B003ACB0B /* koi */,
			);
			name = rendering;
			path = src/rendering;
			sourceTree = "<group>";
		};
		23237F1922C4D40B003ACB0B /* marlin */ = {
			isa = PBXGroup;
			children = (
				23ABB61D23489FAC0047CCAB /* api */,
				23ABB6272348A5D20047CCAB /* context */,
				2361F5B622FFC93200F4B0CB /* geometry */,
				234EA78C22FE7AFF00803B89 /* gl */,
				23ABB61C23489F830047CCAB /* renderer */,
				23ABB612234344F10047CCAB /* scene */,
				2361F5CF2303BAFE00F4B0CB /* shading */,
				23237F1A22C4D40B003ACB0B /* usd */,
			);
			path = marlin;
			sourceTree = "<group>";
		};
		23237F1A22C4D40B003ACB0B /* usd */ = {
			isa = PBXGroup;
			children = (
				23237F1C22C4D48F003ACB0B /* rendererPlugin.cpp */,
				23237F1D22C4D48F003ACB0B /* rendererPlugin.hpp */,
				23A7DF0C22CB6B7600AA0E6C /* renderDelegate.cpp */,
				23A7DF0D22CB6B7600AA0E6C /* renderDelegate.hpp */,
				234EA77722F1961F00803B89 /* pluginInfo.json */,
			);
			path = usd;
			sourceTree = "<group>";
		};
		23237F1B22C4D40B003ACB0B /* koi */ = {
			isa = PBXGroup;
			children = (
			);
			path = koi;
			sourceTree = "<group>";
		};
		234EA77922FACCFC00803B89 /* coral */ = {
			isa = PBXGroup;
			children = (
				234EA77C22FACCFC00803B89 /* item.cpp */,
				234EA78122FACCFC00803B89 /* item.hpp */,
				234EA77A22FACCFC00803B89 /* scene.cpp */,
				234EA78222FACCFC00803B89 /* scene.hpp */,
				234EA78022FACCFC00803B89 /* transform.cpp */,
				234EA77B22FACCFC00803B89 /* transform.hpp */,
				234EA77D22FACCFC00803B89 /* schema */,
			);
			name = coral;
			path = src/coral;
			sourceTree = "<group>";
		};
		234EA77D22FACCFC00803B89 /* schema */ = {
			isa = PBXGroup;
			children = (
				2361F5F3230936BE00F4B0CB /* cameraSchema.cpp */,
				2361F5F4230936BE00F4B0CB /* cameraSchema.hpp */,
				234EA77F22FACCFC00803B89 /* meshSchema.cpp */,
				234EA77E22FACCFC00803B89 /* meshSchema.hpp */,
			);
			path = schema;
			sourceTree = "<group>";
		};
		234EA78722FAD1E800803B89 /* math */ = {
			isa = PBXGroup;
			children = (
				234EA78822FAD23000803B89 /* defs.hh */,
				234EA78922FAD34100803B89 /* math.cpp */,
				234EA78A22FAD34100803B89 /* math.hpp */,
				2361F5FD230AB61100F4B0CB /* conversion.cpp */,
				2361F5FE230AB61100F4B0CB /* conversion.hpp */,
			);
			name = math;
			path = src/math;
			sourceTree = "<group>";
		};
		234EA78C22FE7AFF00803B89 /* gl */ = {
			isa = PBXGroup;
			children = (
				234EA79022FE7DC100803B89 /* buffer.cpp */,
				234EA79122FE7DC100803B89 /* buffer.hpp */,
				2361F5B122FED82A00F4B0CB /* buffer.tpp */,
				2361F5C122FFD40800F4B0CB /* vertexArray.cpp */,
				2361F5C222FFD40800F4B0CB /* vertexArray.hpp */,
				2361F5C42300209700F4B0CB /* shader.cpp */,
				2361F5C52300209700F4B0CB /* shader.hpp */,
			);
			path = gl;
			sourceTree = "<group>";
		};
		2361F5B622FFC93200F4B0CB /* geometry */ = {
			isa = PBXGroup;
			children = (
				2361F5BE22FFC95800F4B0CB /* geometry.cpp */,
				2361F5BF22FFC95800F4B0CB /* geometry.hpp */,
				2361F5B722FFC93200F4B0CB /* mesh.cpp */,
				2361F5B922FFC93200F4B0CB /* mesh.hpp */,
				2361F5BA22FFC93200F4B0CB /* meshUtilities.cpp */,
				2361F5B822FFC93200F4B0CB /* meshUtilities.hpp */,
			);
			path = geometry;
			sourceTree = "<group>";
		};
		2361F5CF2303BAFE00F4B0CB /* shading */ = {
			isa = PBXGroup;
			children = (
				2361F5D42303BAFE00F4B0CB /* material.cpp */,
				2361F5D12303BAFE00F4B0CB /* material.hpp */,
				2361F5D82303C08500F4B0CB /* material.tpp */,
				2361F5D32303BAFE00F4B0CB /* shaderParameter.cpp */,
				2361F5D02303BAFE00F4B0CB /* shaderParameter.hpp */,
				2361F5D22303BAFE00F4B0CB /* shaderParameter.tpp */,
			);
			path = shading;
			sourceTree = "<group>";
		};
		2361F5DA2303CEEE00F4B0CB /* testing */ = {
			isa = PBXGroup;
			children = (
				2361F5DE2303CFC700F4B0CB /* openGLRender.cpp */,
				2361F5DF2303CFC700F4B0CB /* openGLRender.hpp */,
			);
			path = testing;
			sourceTree = "<group>";
		};
		2361F5E5230796F600F4B0CB /* app */ = {
			isa = PBXGroup;
			children = (
				2361F603230BFD9400F4B0CB /* shortcuts */,
				2361F5E62307970300F4B0CB /* actions */,
				2361F5F623094F7D00F4B0CB /* camera */,
			);
			name = app;
			path = src/app;
			sourceTree = "<group>";
		};
		2361F5E62307970300F4B0CB /* actions */ = {
			isa = PBXGroup;
			children = (
				2361F61F230D4B1200F4B0CB /* camera */,
				2361F5E72307971400F4B0CB /* actionManager.cpp */,
				2361F5E82307971400F4B0CB /* actionManager.hpp */,
				2361F5EA2307971F00F4B0CB /* action.cpp */,
				2361F5EB2307971F00F4B0CB /* action.hpp */,
				2361F60F230D419D00F4B0CB /* actionContext.cpp */,
				2361F610230D419D00F4B0CB /* actionContext.hpp */,
			);
			path = actions;
			sourceTree = "<group>";
		};
		2361F5F623094F7D00F4B0CB /* camera */ = {
			isa = PBXGroup;
			children = (
				2361F62B231D2C7600F4B0CB /* control */,
				2361F5F823094FB700F4B0CB /* cameraController.cpp */,
				2361F5F723094FB700F4B0CB /* cameraController.hpp */,
				2361F5FA23094FC700F4B0CB /* camera.cpp */,
				2361F5FB23094FC700F4B0CB /* camera.hpp */,
			);
			path = camera;
			sourceTree = "<group>";
		};
		2361F603230BFD9400F4B0CB /* shortcuts */ = {
			isa = PBXGroup;
			children = (
				2361F604230BFD9400F4B0CB /* shortcutManager.hpp */,
				2361F605230BFD9400F4B0CB /* shortcutManager.cpp */,
				2361F607230BFDF300F4B0CB /* shortcutReceiver.cpp */,
				2361F608230BFDF300F4B0CB /* shortcutReceiver.hpp */,
				2361F60A230C016300F4B0CB /* shortcutFilter.cpp */,
				2361F60B230C016300F4B0CB /* shortcutFilter.hpp */,
			);
			path = shortcuts;
			sourceTree = "<group>";
		};
		2361F61F230D4B1200F4B0CB /* camera */ = {
			isa = PBXGroup;
			children = (
				2361F623230D4B2600F4B0CB /* cameraActionContext.cpp */,
				2361F624230D4B2600F4B0CB /* cameraActionContext.hpp */,
				2361F621230D4B1200F4B0CB /* cameraActions.cpp */,
				2361F620230D4B1200F4B0CB /* cameraActions.hpp */,
			);
			path = camera;
			sourceTree = "<group>";
		};
		2361F627230D5BE800F4B0CB /* utilities */ = {
			isa = PBXGroup;
			children = (
				2361F628230D5BF800F4B0CB /* timer.cpp */,
				2361F629230D5BF800F4B0CB /* timer.hpp */,
			);
			name = utilities;
			path = src/utilities;
			sourceTree = "<group>";
		};
		2361F62B231D2C7600F4B0CB /* control */ = {
			isa = PBXGroup;
			children = (
				2361F62C231D2C9500F4B0CB /* flyControl.cpp */,
				2361F62D231D2C9500F4B0CB /* flyControl.hpp */,
				2361F62F231D2CDE00F4B0CB /* cameraControl.cpp */,
				2361F630231D2CDE00F4B0CB /* cameraControl.hpp */,
			);
			path = control;
			sourceTree = "<group>";
		};
		23ABB612234344F10047CCAB /* scene */ = {
			isa = PBXGroup;
			children = (
				23ABB6132343451A0047CCAB /* scene.cpp */,
				23ABB6142343451A0047CCAB /* scene.hpp */,
				23ABB616234346F10047CCAB /* renderItem.cpp */,
				23ABB617234346F10047CCAB /* renderItem.hpp */,
				23ABB6192344A9EE0047CCAB /* renderManager.cpp */,
				23ABB61A2344A9EE0047CCAB /* renderManager.hpp */,
			);
			path = scene;
			sourceTree = "<group>";
		};
		23ABB61C23489F830047CCAB /* renderer */ = {
			isa = PBXGroup;
			children = (
				23ABB61E23489FC90047CCAB /* renderer.cpp */,
				23ABB61F23489FC90047CCAB /* renderer.hpp */,
			);
			path = renderer;
			sourceTree = "<group>";
		};
		23ABB61D23489FAC0047CCAB /* api */ = {
			isa = PBXGroup;
			children = (
				23ABB6212348A0C70047CCAB /* entity.cpp */,
				23ABB6222348A0C70047CCAB /* entity.hpp */,
				23ABB6242348A2880047CCAB /* marlin.cpp */,
				23ABB6252348A2880047CCAB /* marlin.hpp */,
			);
			path = api;
			sourceTree = "<group>";
		};
		23ABB6272348A5D20047CCAB /* context */ = {
			isa = PBXGroup;
			children = (
				23D4A0DF2348B47000AD3D75 /* updateTask.cpp */,
				23D4A0DE2348B47000AD3D75 /* updateTask.hpp */,
				23ABB6282348A5E30047CCAB /* context.cpp */,
				23ABB6292348A5E30047CCAB /* context.hpp */,
			);
			path = context;
			sourceTree = "<group>";
		};
		25B08E2869634E9BCBA333A2 /* Generated Sources */ = {
			isa = PBXGroup;
			children = (
				C70E9616EF3EBD83D0000B2E /* moc_mainWindow.cpp */,
				3244324228FB6239A33DB996 /* ui_mainWindow.h */,
				23237F1622BF855D003ACB0B /* moc_openglwindow.cpp */,
			);
			name = "Generated Sources";
			sourceTree = "<group>";
		};
		2EB56BE3C2D93CDAB0C52E67 /* Sources */ = {
			isa = PBXGroup;
			children = (
				2361F5DA2303CEEE00F4B0CB /* testing */,
				921315FAA7F261D737F4F4C7 /* src */,
			);
			name = Sources;
			sourceTree = "<group>";
		};
		2F733327CFBF788C2D53B055 /* ui */ = {
			isa = PBXGroup;
			children = (
				5AAF184A72954F8A6922A095 /* mainWindow.ui */,
			);
			name = ui;
			sourceTree = "<group>";
		};
		74B182DB50CB5611B5C1C297 /* Supporting Files */ = {
			isa = PBXGroup;
			children = (
				E679E9C7E1E2018521C6FD1B /* Goby.pro */,
			);
			name = "Supporting Files";
			sourceTree = "<group>";
		};
		921315FAA7F261D737F4F4C7 /* src */ = {
			isa = PBXGroup;
			children = (
				2361F5E5230796F600F4B0CB /* app */,
				234EA77922FACCFC00803B89 /* coral */,
				234EA77222EDA9C200803B89 /* main.cpp */,
				234EA78722FAD1E800803B89 /* math */,
				23237F1822C4D40B003ACB0B /* rendering */,
				F4F73F9AA934BE4F8929D179 /* ui */,
				2361F627230D5BE800F4B0CB /* utilities */,
			);
			name = src;
			sourceTree = "<group>";
		};
		AF39DD055C3EF8226FBE929D /* Frameworks */ = {
			isa = PBXGroup;
			children = (
				9423C617F16831C7ADE013FC /* QtWidgets.framework */,
				897F7DBDCA6B394E806B8406 /* QtGui.framework */,
				FA9F1F063CC0FF64ABA45477 /* QtCore.framework */,
				2B774D8E4178765CE52EAAF5 /* DiskArbitration.framework */,
				A1A67BEAA744704B29168D39 /* IOKit.framework */,
				D4B32C2222F82AC56BADEB21 /* OpenGL.framework */,
				8D9815BDB5BD9F90D2BC05C5 /* AGL.framework */,
			);
			name = Frameworks;
			sourceTree = "<group>";
		};
		B8254625CFD509ED2A24A166 /* Sources [moc_predefs] */ = {
			isa = PBXGroup;
			children = (
			);
			name = "Sources [moc_predefs]";
			sourceTree = "<group>";
		};
		E8C543AB96796ECAA2E65C57 /* Goby */ = {
			isa = PBXGroup;
			children = (
				2EB56BE3C2D93CDAB0C52E67 /* Sources */,
				25B08E2869634E9BCBA333A2 /* Generated Sources */,
				B8254625CFD509ED2A24A166 /* Sources [moc_predefs] */,
				12E908B8A1C3C07C115504F5 /* Sources [uic] */,
				74B182DB50CB5611B5C1C297 /* Supporting Files */,
				AF39DD055C3EF8226FBE929D /* Frameworks */,
				FE0A091FDBFB3E9C31B7A1BD /* Products */,
			);
			name = Goby;
			sourceTree = "<group>";
		};
		F4F73F9AA934BE4F8929D179 /* ui */ = {
			isa = PBXGroup;
			children = (
				234EA76F22EDA92500803B89 /* openglwindow.cpp */,
				234EA77022EDA92500803B89 /* openglwindow.hpp */,
				8AB4ACE0B063C484E0B9CB4A /* mainWindow.cpp */,
				4F5AC65C949567C2B2372090 /* mainWindow.hpp */,
				234EA77422EDAA3D00803B89 /* usdRenderWindow.cpp */,
				234EA77522EDAA3D00803B89 /* usdRenderWindow.hpp */,
			);
			name = ui;
			sourceTree = "<group>";
		};
		FB3C908FA6A710AAAE4CE3AA /* src */ = {
			isa = PBXGroup;
			children = (
				2F733327CFBF788C2D53B055 /* ui */,
			);
			name = src;
			sourceTree = "<group>";
		};
		FE0A091FDBFB3E9C31B7A1BD /* Products */ = {
			isa = PBXGroup;
			children = (
				B9CD14F8C3B7531AB9AA3099 /* Goby.app */,
			);
			name = Products;
			sourceTree = "<group>";
		};
/* End PBXGroup section */

/* Begin PBXNativeTarget section */
		148D68D49A6EDF1F54E7E4B9 /* Goby */ = {
			isa = PBXNativeTarget;
			buildConfigurationList = 6CC3B5D2136C7CD6A5CF5A59 /* Build configuration list for PBXNativeTarget "Goby" */;
			buildPhases = (
				F7E50F631C51CD5B5DC0BC43 /* Compile Sources */,
				D1C883685E82D5676953459A /* Link Binary With Libraries */,
				30414803F31797EB689AE508 /* Copy Bundle Resources */,
				99542592E9780B9225F24AA8 /* Embed Frameworks */,
			);
			buildRules = (
			);
			dependencies = (
				A0B05F9685E61BAF5C648AF1 /* PBXTargetDependency */,
			);
			name = Goby;
			productName = Goby;
			productReference = B9CD14F8C3B7531AB9AA3099 /* Goby.app */;
			productType = "com.apple.product-type.application";
		};
/* End PBXNativeTarget section */

/* Begin PBXProject section */
		6DB9C3763D02B1415CD9D565 /* Project object */ = {
			isa = PBXProject;
			attributes = {
			};
			buildConfigurationList = DAC4C1AA5EDEA1C85E9CA5E6 /* Build configuration list for PBXProject "Goby" */;
			compatibilityVersion = "Xcode 3.2";
			developmentRegion = en;
			hasScannedForEncodings = 1;
			knownRegions = (
				en,
			);
			mainGroup = E8C543AB96796ECAA2E65C57 /* Goby */;
			productRefGroup = FE0A091FDBFB3E9C31B7A1BD /* Products */;
			projectDirPath = "";
			projectRoot = "";
			targets = (
				148D68D49A6EDF1F54E7E4B9 /* Goby */,
				64B82EDCD43786E5F2F07AAE /* Qt Preprocess */,
			);
		};
/* End PBXProject section */

/* Begin PBXResourcesBuildPhase section */
		30414803F31797EB689AE508 /* Copy Bundle Resources */ = {
			isa = PBXResourcesBuildPhase;
			buildActionMask = 2147483647;
			files = (
				2361F5B222FED82A00F4B0CB /* buffer.tpp in Copy Bundle Resources */,
				2361F5D92303C08500F4B0CB /* material.tpp in Copy Bundle Resources */,
				234EA77822F1961F00803B89 /* pluginInfo.json in Copy Bundle Resources */,
				2361F5D52303BAFE00F4B0CB /* shaderParameter.tpp in Copy Bundle Resources */,
			);
			name = "Copy Bundle Resources";
			runOnlyForDeploymentPostprocessing = 0;
		};
/* End PBXResourcesBuildPhase section */

/* Begin PBXShellScriptBuildPhase section */
		5E618435888B9D49F8540165 /* Qt Qmake */ = {
			isa = PBXShellScriptBuildPhase;
			buildActionMask = 2147483647;
			files = (
			);
			name = "Qt Qmake";
			runOnlyForDeploymentPostprocessing = 0;
			shellPath = /bin/sh;
			shellScript = "make -C /Users/jongraham/Projects/Goby -f Goby.xcodeproj/qt_makeqmake.mak\n";
			showEnvVarsInLog = 0;
		};
		7EF0942E79C014DCEC8976BC /* Qt Preprocessors */ = {
			isa = PBXShellScriptBuildPhase;
			buildActionMask = 2147483647;
			files = (
			);
			name = "Qt Preprocessors";
			runOnlyForDeploymentPostprocessing = 0;
			shellPath = /bin/sh;
			shellScript = "make -C /Users/jongraham/Projects/Goby -f Goby.xcodeproj/qt_preprocess.mak\n";
			showEnvVarsInLog = 0;
		};
/* End PBXShellScriptBuildPhase section */

/* Begin PBXSourcesBuildPhase section */
		F7E50F631C51CD5B5DC0BC43 /* Compile Sources */ = {
			isa = PBXSourcesBuildPhase;
			buildActionMask = 2147483647;
			files = (
				2361F60E230C082900F4B0CB /* shortcutFilter.hpp in Compile Sources */,
				234EA78322FACCFD00803B89 /* scene.cpp in Compile Sources */,
				234EA78422FACCFD00803B89 /* item.cpp in Compile Sources */,
				2361F5BD22FFC93200F4B0CB /* meshUtilities.cpp in Compile Sources */,
				23237F1E22C4D48F003ACB0B /* rendererPlugin.cpp in Compile Sources */,
				2361F5FC23094FC700F4B0CB /* camera.cpp in Compile Sources */,
				2361F60C230C016300F4B0CB /* shortcutFilter.cpp in Compile Sources */,
				23D4A0E02348B47000AD3D75 /* updateTask.cpp in Compile Sources */,
				23ABB6152343451B0047CCAB /* scene.cpp in Compile Sources */,
				B2A6F1FFBA4E92771BB02D52 /* mainWindow.cpp in Compile Sources */,
				7E5709D3FE807F8C875AE381 /* moc_mainWindow.cpp in Compile Sources */,
				23237F1722BF855D003ACB0B /* moc_openglwindow.cpp in Compile Sources */,
				2361F5BC22FFC93200F4B0CB /* mesh.cpp in Compile Sources */,
				23ABB62A2348A5E30047CCAB /* context.cpp in Compile Sources */,
				23A7DF0E22CB6B7600AA0E6C /* renderDelegate.cpp in Compile Sources */,
				2361F631231D2CDE00F4B0CB /* cameraControl.cpp in Compile Sources */,
				2361F5C322FFD40800F4B0CB /* vertexArray.cpp in Compile Sources */,
				2361F611230D419D00F4B0CB /* actionContext.cpp in Compile Sources */,
				23ABB61B2344A9EE0047CCAB /* renderManager.cpp in Compile Sources */,
				2361F62E231D2C9500F4B0CB /* flyControl.cpp in Compile Sources */,
				2361F5C62300209700F4B0CB /* shader.cpp in Compile Sources */,
				2361F5D62303BAFE00F4B0CB /* shaderParameter.cpp in Compile Sources */,
				234EA77122EDA92500803B89 /* openglwindow.cpp in Compile Sources */,
				2361F5E92307971400F4B0CB /* actionManager.cpp in Compile Sources */,
				2361F625230D4B2600F4B0CB /* cameraActionContext.cpp in Compile Sources */,
				23ABB618234346F10047CCAB /* renderItem.cpp in Compile Sources */,
				2361F622230D4B1200F4B0CB /* cameraActions.cpp in Compile Sources */,
				234EA77322EDA9C200803B89 /* main.cpp in Compile Sources */,
				23ABB6262348A2880047CCAB /* marlin.cpp in Compile Sources */,
				23ABB6232348A0C70047CCAB /* entity.cpp in Compile Sources */,
				2361F5D72303BAFE00F4B0CB /* material.cpp in Compile Sources */,
				2361F5FF230AB61100F4B0CB /* conversion.cpp in Compile Sources */,
				2361F5C022FFC95800F4B0CB /* geometry.cpp in Compile Sources */,
				234EA78522FACCFD00803B89 /* meshSchema.cpp in Compile Sources */,
				234EA78B22FAD34100803B89 /* math.cpp in Compile Sources */,
				234EA79222FE7DC100803B89 /* buffer.cpp in Compile Sources */,
				2361F5F923094FB700F4B0CB /* cameraController.cpp in Compile Sources */,
				2361F5E02303CFC700F4B0CB /* openGLRender.cpp in Compile Sources */,
				2361F5F5230936BE00F4B0CB /* cameraSchema.cpp in Compile Sources */,
				2361F609230BFDF300F4B0CB /* shortcutReceiver.cpp in Compile Sources */,
				234EA77622EDAA3D00803B89 /* usdRenderWindow.cpp in Compile Sources */,
				234EA78622FACCFD00803B89 /* transform.cpp in Compile Sources */,
				2361F5EC2307971F00F4B0CB /* action.cpp in Compile Sources */,
				2361F606230BFD9400F4B0CB /* shortcutManager.cpp in Compile Sources */,
				23ABB62023489FC90047CCAB /* renderer.cpp in Compile Sources */,
				2361F62A230D5BF800F4B0CB /* timer.cpp in Compile Sources */,
			);
			name = "Compile Sources";
			runOnlyForDeploymentPostprocessing = 0;
		};
/* End PBXSourcesBuildPhase section */

/* Begin PBXTargetDependency section */
		A0B05F9685E61BAF5C648AF1 /* PBXTargetDependency */ = {
			isa = PBXTargetDependency;
			target = 64B82EDCD43786E5F2F07AAE /* Qt Preprocess */;
			targetProxy = 23237F1222BF827D003ACB0B /* PBXContainerItemProxy */;
		};
/* End PBXTargetDependency section */

/* Begin XCBuildConfiguration section */
		339EE1B2CC4FC24589A0EA95 /* Release */ = {
			isa = XCBuildConfiguration;
			buildSettings = {
				APPLICATION_EXTENSION_API_ONLY = NO;
				ARCHS = x86_64;
				"ARCHS[sdk=macosx*]" = x86_64;
				CC = /Applications/Xcode.app/Contents/Developer/Toolchains/XcodeDefault.xctoolchain/usr/bin/clang;
				CONFIGURATION_BUILD_DIR = "/Users/jongraham/Projects/Goby/$(CONFIGURATION)$(EFFECTIVE_PLATFORM_NAME)";
				COPY_PHASE_STRIP = NO;
				DYLIB_COMPATIBILITY_VERSION = 1.0;
				DYLIB_CURRENT_VERSION = 1.0.0;
				ENABLE_BITCODE = NO;
				FRAMEWORK_SEARCH_PATHS = (
					/Users/jongraham/Qt/5.12.1/clang_64/lib,
					/Users/jongraham/Qt/5.12.1/clang_64/lib,
				);
				GCC_VERSION = com.apple.compilers.llvm.clang.1_0;
				HEADER_SEARCH_PATHS = (
					.,
					../../Qt/5.12.1/clang_64/lib/QtWidgets.framework/Headers,
					../../Qt/5.12.1/clang_64/lib/QtGui.framework/Headers,
					../../Qt/5.12.1/clang_64/lib/QtCore.framework/Headers,
					.,
					/Applications/Xcode.app/Contents/Developer/Platforms/MacOSX.platform/Developer/SDKs/MacOSX10.14.sdk/Applications/Xcode10.app/Contents/Developer/Platforms/MacOSX.platform/Developer/SDKs/MacOSX10.14.sdk/System/Library/Frameworks/OpenGL.framework/Headers,
					/Applications/Xcode.app/Contents/Developer/Platforms/MacOSX.platform/Developer/SDKs/MacOSX10.14.sdk/Applications/Xcode10.app/Contents/Developer/Platforms/MacOSX.platform/Developer/SDKs/MacOSX10.14.sdk/System/Library/Frameworks/AGL.framework/Headers/,
					.,
					"../../Qt/5.12.1/clang_64/mkspecs/macx-clang",
				);
				INFOPLIST_FILE = Info.plist;
				LDPLUSPLUS = "/Applications/Xcode.app/Contents/Developer/Toolchains/XcodeDefault.xctoolchain/usr/bin/clang++";
				LIBRARY_SEARCH_PATHS = (
					/Users/jongraham/Qt/5.12.1/clang_64/lib,
					/System/Library/Frameworks/,
				);
				MACOSX_DEPLOYMENT_TARGET = 10.12;
				OTHER_CFLAGS = (
					"-pipe",
					"-Wall",
					"-W",
					"-fPIC",
					"-DQT_DEPRECATED_WARNINGS",
					"-DQT_NO_DEBUG",
					"-DQT_WIDGETS_LIB",
					"-DQT_GUI_LIB",
					"-DQT_CORE_LIB",
				);
				OTHER_CPLUSPLUSFLAGS = (
					"-pipe",
					"-stdlib=libc++",
					"-std=gnu++11",
					"-Wall",
					"-W",
					"-fPIC",
					"-DQT_DEPRECATED_WARNINGS",
					"-DQT_NO_DEBUG",
					"-DQT_WIDGETS_LIB",
					"-DQT_GUI_LIB",
					"-DQT_CORE_LIB",
				);
				OTHER_LDFLAGS = (
					"-stdlib=libc++",
					"-headerpad_max_install_names",
					"-Wl,-rpath,@executable_path/Frameworks",
					"-Wl,-rpath,/Users/jongraham/Qt/5.12.1/clang_64/lib",
					"-F/Users/jongraham/Qt/5.12.1/clang_64/lib",
				);
				PRODUCT_BUNDLE_IDENTIFIER = "Graham.${PRODUCT_NAME:rfc1034identifier}";
				PRODUCT_NAME = Goby;
				QMAKE_PKGINFO_TYPEINFO = "????";
				QT_LIBRARY_SUFFIX = "";
				SDKROOT = macosx;
				SYMROOT = /Users/jongraham/Projects/Goby/.xcode;
			};
			name = Release;
		};
		3AA6C32AC930069E80220CF1 /* Debug */ = {
			isa = XCBuildConfiguration;
			buildSettings = {
				APPLICATION_EXTENSION_API_ONLY = NO;
				ARCHS = x86_64;
				"ARCHS[sdk=macosx*]" = x86_64;
				CC = /Applications/Xcode.app/Contents/Developer/Toolchains/XcodeDefault.xctoolchain/usr/bin/clang;
				CONFIGURATION_BUILD_DIR = "/Users/jongraham/Projects/Goby/$(CONFIGURATION)$(EFFECTIVE_PLATFORM_NAME)";
				COPY_PHASE_STRIP = NO;
				DYLIB_COMPATIBILITY_VERSION = 1.0;
				DYLIB_CURRENT_VERSION = 1.0.0;
				ENABLE_BITCODE = NO;
				FRAMEWORK_SEARCH_PATHS = (
					/Users/jongraham/Qt/5.12.1/clang_64/lib,
					/Users/jongraham/Qt/5.12.1/clang_64/lib,
				);
				GCC_OPTIMIZATION_LEVEL = 0;
				GCC_VERSION = com.apple.compilers.llvm.clang.1_0;
				HEADER_SEARCH_PATHS = (
					.,
					../../Qt/5.12.1/clang_64/lib/QtWidgets.framework/Headers,
					../../Qt/5.12.1/clang_64/lib/QtGui.framework/Headers,
					../../Qt/5.12.1/clang_64/lib/QtCore.framework/Headers,
					.,
					/Applications/Xcode.app/Contents/Developer/Platforms/MacOSX.platform/Developer/SDKs/MacOSX10.14.sdk/Applications/Xcode10.app/Contents/Developer/Platforms/MacOSX.platform/Developer/SDKs/MacOSX10.14.sdk/System/Library/Frameworks/OpenGL.framework/Headers,
					/Applications/Xcode.app/Contents/Developer/Platforms/MacOSX.platform/Developer/SDKs/MacOSX10.14.sdk/Applications/Xcode10.app/Contents/Developer/Platforms/MacOSX.platform/Developer/SDKs/MacOSX10.14.sdk/System/Library/Frameworks/AGL.framework/Headers/,
					.,
					"../../Qt/5.12.1/clang_64/mkspecs/macx-clang",
				);
				INFOPLIST_FILE = Info.plist;
				LDPLUSPLUS = "/Applications/Xcode.app/Contents/Developer/Toolchains/XcodeDefault.xctoolchain/usr/bin/clang++";
				LIBRARY_SEARCH_PATHS = (
					/Users/jongraham/Qt/5.12.1/clang_64/lib,
					/System/Library/Frameworks/,
				);
				MACOSX_DEPLOYMENT_TARGET = 10.12;
				ONLY_ACTIVE_ARCH = YES;
				OTHER_CFLAGS = (
					"-pipe",
					"-Wall",
					"-W",
					"-fPIC",
					"-DQT_DEPRECATED_WARNINGS",
					"-DQT_NO_DEBUG",
					"-DQT_WIDGETS_LIB",
					"-DQT_GUI_LIB",
					"-DQT_CORE_LIB",
				);
				OTHER_CPLUSPLUSFLAGS = (
					"-pipe",
					"-stdlib=libc++",
					"-std=gnu++11",
					"-Wall",
					"-W",
					"-fPIC",
					"-DQT_DEPRECATED_WARNINGS",
					"-DQT_NO_DEBUG",
					"-DQT_WIDGETS_LIB",
					"-DQT_GUI_LIB",
					"-DQT_CORE_LIB",
				);
				OTHER_LDFLAGS = (
					"-stdlib=libc++",
					"-headerpad_max_install_names",
					"-Wl,-rpath,@executable_path/Frameworks",
					"-Wl,-rpath,/Users/jongraham/Qt/5.12.1/clang_64/lib",
					"-F/Users/jongraham/Qt/5.12.1/clang_64/lib",
				);
				PRODUCT_BUNDLE_IDENTIFIER = "Graham.${PRODUCT_NAME:rfc1034identifier}";
				PRODUCT_NAME = Goby;
				QMAKE_PKGINFO_TYPEINFO = "????";
				QT_LIBRARY_SUFFIX = _debug;
				SDKROOT = macosx;
				SYMROOT = /Users/jongraham/Projects/Goby/.xcode;
			};
			name = Debug;
		};
		6666AA5E688052234F6758D8 /* Release */ = {
			isa = XCBuildConfiguration;
			buildSettings = {
				APPLICATION_EXTENSION_API_ONLY = NO;
				"ARCHS[sdk=macosx*]" = x86_64;
				CLANG_CXX_LANGUAGE_STANDARD = "gnu++0x";
				CLANG_CXX_LIBRARY = "libc++";
				COPY_PHASE_STRIP = NO;
				ENABLE_BITCODE = NO;
				HEADER_SEARCH_PATHS = (
					.,
					../../Qt/5.12.1/clang_64/lib/QtWidgets.framework/Headers,
					../../Qt/5.12.1/clang_64/lib/QtGui.framework/Headers,
					../../Qt/5.12.1/clang_64/lib/QtCore.framework/Headers,
					.,
					/Applications/Xcode.app/Contents/Developer/Platforms/MacOSX.platform/Developer/SDKs/MacOSX10.14.sdk/Applications/Xcode10.app/Contents/Developer/Platforms/MacOSX.platform/Developer/SDKs/MacOSX10.14.sdk/System/Library/Frameworks/OpenGL.framework/Headers,
					/Applications/Xcode.app/Contents/Developer/Platforms/MacOSX.platform/Developer/SDKs/MacOSX10.14.sdk/Applications/Xcode10.app/Contents/Developer/Platforms/MacOSX.platform/Developer/SDKs/MacOSX10.14.sdk/System/Library/Frameworks/AGL.framework/Headers/,
					.,
					"../../Qt/5.12.1/clang_64/mkspecs/macx-clang",
					/usr/local/opt/USD/include,
					./src,
					./src/thirdparty,
					./src/rendering,
				);
				LD_RUNPATH_SEARCH_PATHS = /usr/local/opt/USD/lib;
				LIBRARY_SEARCH_PATHS = (
					/Users/jongraham/Qt/5.12.1/clang_64/lib,
					/System/Library/Frameworks/,
					/usr/local/opt/USD/lib,
				);
				OTHER_LDFLAGS = (
					"-stdlib=libc++",
					"-headerpad_max_install_names",
					"-Wl,-rpath,@executable_path/Frameworks",
					"-Wl,-rpath,/Users/jongraham/Qt/5.12.1/clang_64/lib",
					"-F/Users/jongraham/Qt/5.12.1/clang_64/lib",
					"-lusd_ms",
				);
				PRODUCT_BUNDLE_IDENTIFIER = "Graham.${PRODUCT_NAME:rfc1034identifier}";
				PRODUCT_NAME = Goby;
				QMAKE_PKGINFO_TYPEINFO = "????";
				QT_LIBRARY_SUFFIX = "";
				SDKROOT = macosx;
			};
			name = Release;
		};
		77418F46922677BB04ED38DD /* Debug */ = {
			isa = XCBuildConfiguration;
			buildSettings = {
				APPLICATION_EXTENSION_API_ONLY = NO;
				"ARCHS[sdk=macosx*]" = x86_64;
				CLANG_CXX_LANGUAGE_STANDARD = "gnu++0x";
				CLANG_CXX_LIBRARY = "libc++";
				COPY_PHASE_STRIP = NO;
				ENABLE_BITCODE = NO;
				GCC_OPTIMIZATION_LEVEL = 0;
				HEADER_SEARCH_PATHS = (
					.,
					../../Qt/5.12.1/clang_64/lib/QtWidgets.framework/Headers,
					../../Qt/5.12.1/clang_64/lib/QtGui.framework/Headers,
					../../Qt/5.12.1/clang_64/lib/QtCore.framework/Headers,
					.,
					/Applications/Xcode.app/Contents/Developer/Platforms/MacOSX.platform/Developer/SDKs/MacOSX10.14.sdk/Applications/Xcode10.app/Contents/Developer/Platforms/MacOSX.platform/Developer/SDKs/MacOSX10.14.sdk/System/Library/Frameworks/OpenGL.framework/Headers,
					/Applications/Xcode.app/Contents/Developer/Platforms/MacOSX.platform/Developer/SDKs/MacOSX10.14.sdk/Applications/Xcode10.app/Contents/Developer/Platforms/MacOSX.platform/Developer/SDKs/MacOSX10.14.sdk/System/Library/Frameworks/AGL.framework/Headers/,
					.,
					"../../Qt/5.12.1/clang_64/mkspecs/macx-clang",
					/usr/local/opt/USD/include,
					./src,
					./src/thirdparty,
					./src/rendering,
				);
				LD_RUNPATH_SEARCH_PATHS = /usr/local/opt/USD/lib;
				LIBRARY_SEARCH_PATHS = (
					/Users/jongraham/Qt/5.12.1/clang_64/lib,
					/System/Library/Frameworks/,
					/usr/local/opt/USD/lib,
				);
				ONLY_ACTIVE_ARCH = YES;
				OTHER_LDFLAGS = (
					"-stdlib=libc++",
					"-headerpad_max_install_names",
					"-Wl,-rpath,@executable_path/Frameworks",
					"-Wl,-rpath,/Users/jongraham/Qt/5.12.1/clang_64/lib",
					"-F/Users/jongraham/Qt/5.12.1/clang_64/lib",
					"-lusd_ms",
				);
				PRODUCT_BUNDLE_IDENTIFIER = "Graham.${PRODUCT_NAME:rfc1034identifier}";
				PRODUCT_NAME = Goby;
				QMAKE_PKGINFO_TYPEINFO = "????";
				QT_LIBRARY_SUFFIX = _debug;
				SDKROOT = macosx;
			};
			name = Debug;
		};
/* End XCBuildConfiguration section */

/* Begin XCConfigurationList section */
		6CC3B5D2136C7CD6A5CF5A59 /* Build configuration list for PBXNativeTarget "Goby" */ = {
			isa = XCConfigurationList;
			buildConfigurations = (
				77418F46922677BB04ED38DD /* Debug */,
				6666AA5E688052234F6758D8 /* Release */,
			);
			defaultConfigurationIsVisible = 0;
			defaultConfigurationName = Release;
		};
		DAC4C1AA5EDEA1C85E9CA5E6 /* Build configuration list for PBXProject "Goby" */ = {
			isa = XCConfigurationList;
			buildConfigurations = (
				3AA6C32AC930069E80220CF1 /* Debug */,
				339EE1B2CC4FC24589A0EA95 /* Release */,
			);
			defaultConfigurationIsVisible = 0;
			defaultConfigurationName = Release;
		};
/* End XCConfigurationList section */
	};
	rootObject = 6DB9C3763D02B1415CD9D565 /* Project object */;
}
